
Microsoft Visual Studio Solution File, Format Version 12.00
# Visual Studio 14
VisualStudioVersion = 14.0.25123.0
MinimumVisualStudioVersion = 10.0.40219.1
Project("{8BC9CEB8-8B4A-11D0-8D11-00A0C91BC942}") = "PRENATAL", "Src\babiakAmbulancia.vcxproj", "{4A138A99-8271-42AF-964D-A09E262452B0}"
EndProject
Project("{8BC9CEB8-8B4A-11D0-8D11-00A0C91BC942}") = "Shared", "Shared\Shared.vcxproj", "{1F8F4154-2837-428E-B01C-EB608C3FCF81}"
EndProject
Project("{8BC9CEB8-8B4A-11D0-8D11-00A0C91BC942}") = "cryptlib", "Shared\crypto50\cryptlib.vcxproj", "{3423EC9A-52E4-4A4D-9753-EDEBC38785EF}"
EndProject
Project("{8BC9CEB8-8B4A-11D0-8D11-00A0C91BC942}") = "gtest", "Shared\googletest-master\googletest\msvc\gtest.vcxproj", "{C8F6C172-56F2-4E76-B5FA-C3B423B31BE7}"
EndProject
Project("{8BC9CEB8-8B4A-11D0-8D11-00A0C91BC942}") = "UnitTests", "UnitTests\UnitTests.vcxproj", "{4112F12B-786E-4510-A8C7-0BB7CFE3C0F4}"
EndProject
Global
	GlobalSection(SolutionConfigurationPlatforms) = preSolution
		Debug|x64 = Debug|x64
		Debug|x86 = Debug|x86
		DLL-Import Debug|x64 = DLL-Import Debug|x64
		DLL-Import Debug|x86 = DLL-Import Debug|x86
		DLL-Import Release|x64 = DLL-Import Release|x64
		DLL-Import Release|x86 = DLL-Import Release|x86
		Release|x64 = Release|x64
		Release|x86 = Release|x86
	EndGlobalSection
	GlobalSection(ProjectConfigurationPlatforms) = postSolution
		{4A138A99-8271-42AF-964D-A09E262452B0}.Debug|x64.ActiveCfg = Debug|x64
		{4A138A99-8271-42AF-964D-A09E262452B0}.Debug|x64.Build.0 = Debug|x64
		{4A138A99-8271-42AF-964D-A09E262452B0}.Debug|x86.ActiveCfg = Debug|Win32
		{4A138A99-8271-42AF-964D-A09E262452B0}.Debug|x86.Build.0 = Debug|Win32
		{4A138A99-8271-42AF-964D-A09E262452B0}.DLL-Import Debug|x64.ActiveCfg = Debug|x64
		{4A138A99-8271-42AF-964D-A09E262452B0}.DLL-Import Debug|x64.Build.0 = Debug|x64
		{4A138A99-8271-42AF-964D-A09E262452B0}.DLL-Import Debug|x86.ActiveCfg = Debug|Win32
		{4A138A99-8271-42AF-964D-A09E262452B0}.DLL-Import Debug|x86.Build.0 = Debug|Win32
		{4A138A99-8271-42AF-964D-A09E262452B0}.DLL-Import Release|x64.ActiveCfg = Release|x64
		{4A138A99-8271-42AF-964D-A09E262452B0}.DLL-Import Release|x64.Build.0 = Release|x64
		{4A138A99-8271-42AF-964D-A09E262452B0}.DLL-Import Release|x86.ActiveCfg = Release|Win32
		{4A138A99-8271-42AF-964D-A09E262452B0}.DLL-Import Release|x86.Build.0 = Release|Win32
		{4A138A99-8271-42AF-964D-A09E262452B0}.Release|x64.ActiveCfg = Release|x64
		{4A138A99-8271-42AF-964D-A09E262452B0}.Release|x64.Build.0 = Release|x64
		{4A138A99-8271-42AF-964D-A09E262452B0}.Release|x86.ActiveCfg = Release|Win32
		{4A138A99-8271-42AF-964D-A09E262452B0}.Release|x86.Build.0 = Release|Win32
		{1F8F4154-2837-428E-B01C-EB608C3FCF81}.Debug|x64.ActiveCfg = Debug|x64
		{1F8F4154-2837-428E-B01C-EB608C3FCF81}.Debug|x64.Build.0 = Debug|x64
		{1F8F4154-2837-428E-B01C-EB608C3FCF81}.Debug|x86.ActiveCfg = Debug|Win32
		{1F8F4154-2837-428E-B01C-EB608C3FCF81}.Debug|x86.Build.0 = Debug|Win32
		{1F8F4154-2837-428E-B01C-EB608C3FCF81}.DLL-Import Debug|x64.ActiveCfg = Debug|x64
		{1F8F4154-2837-428E-B01C-EB608C3FCF81}.DLL-Import Debug|x64.Build.0 = Debug|x64
		{1F8F4154-2837-428E-B01C-EB608C3FCF81}.DLL-Import Debug|x86.ActiveCfg = Debug|Win32
		{1F8F4154-2837-428E-B01C-EB608C3FCF81}.DLL-Import Debug|x86.Build.0 = Debug|Win32
		{1F8F4154-2837-428E-B01C-EB608C3FCF81}.DLL-Import Release|x64.ActiveCfg = Release|x64
		{1F8F4154-2837-428E-B01C-EB608C3FCF81}.DLL-Import Release|x64.Build.0 = Release|x64
		{1F8F4154-2837-428E-B01C-EB608C3FCF81}.DLL-Import Release|x86.ActiveCfg = Release|Win32
		{1F8F4154-2837-428E-B01C-EB608C3FCF81}.DLL-Import Release|x86.Build.0 = Release|Win32
		{1F8F4154-2837-428E-B01C-EB608C3FCF81}.Release|x64.ActiveCfg = Release|x64
		{1F8F4154-2837-428E-B01C-EB608C3FCF81}.Release|x64.Build.0 = Release|x64
		{1F8F4154-2837-428E-B01C-EB608C3FCF81}.Release|x86.ActiveCfg = Release|Win32
		{1F8F4154-2837-428E-B01C-EB608C3FCF81}.Release|x86.Build.0 = Release|Win32
		{3423EC9A-52E4-4A4D-9753-EDEBC38785EF}.Debug|x64.ActiveCfg = Debug|x64
		{3423EC9A-52E4-4A4D-9753-EDEBC38785EF}.Debug|x64.Build.0 = Debug|x64
		{3423EC9A-52E4-4A4D-9753-EDEBC38785EF}.Debug|x86.ActiveCfg = Debug|Win32
		{3423EC9A-52E4-4A4D-9753-EDEBC38785EF}.Debug|x86.Build.0 = Debug|Win32
		{3423EC9A-52E4-4A4D-9753-EDEBC38785EF}.DLL-Import Debug|x64.ActiveCfg = DLL-Import Debug|x64
		{3423EC9A-52E4-4A4D-9753-EDEBC38785EF}.DLL-Import Debug|x64.Build.0 = DLL-Import Debug|x64
		{3423EC9A-52E4-4A4D-9753-EDEBC38785EF}.DLL-Import Debug|x86.ActiveCfg = DLL-Import Debug|Win32
		{3423EC9A-52E4-4A4D-9753-EDEBC38785EF}.DLL-Import Debug|x86.Build.0 = DLL-Import Debug|Win32
		{3423EC9A-52E4-4A4D-9753-EDEBC38785EF}.DLL-Import Release|x64.ActiveCfg = DLL-Import Release|x64
		{3423EC9A-52E4-4A4D-9753-EDEBC38785EF}.DLL-Import Release|x64.Build.0 = DLL-Import Release|x64
		{3423EC9A-52E4-4A4D-9753-EDEBC38785EF}.DLL-Import Release|x86.ActiveCfg = DLL-Import Release|Win32
		{3423EC9A-52E4-4A4D-9753-EDEBC38785EF}.DLL-Import Release|x86.Build.0 = DLL-Import Release|Win32
		{3423EC9A-52E4-4A4D-9753-EDEBC38785EF}.Release|x64.ActiveCfg = Release|x64
		{3423EC9A-52E4-4A4D-9753-EDEBC38785EF}.Release|x64.Build.0 = Release|x64
		{3423EC9A-52E4-4A4D-9753-EDEBC38785EF}.Release|x86.ActiveCfg = Release|Win32
		{3423EC9A-52E4-4A4D-9753-EDEBC38785EF}.Release|x86.Build.0 = Release|Win32
		{C8F6C172-56F2-4E76-B5FA-C3B423B31BE7}.Debug|x64.ActiveCfg = Debug|Win32
		{C8F6C172-56F2-4E76-B5FA-C3B423B31BE7}.Debug|x86.ActiveCfg = Debug|Win32
		{C8F6C172-56F2-4E76-B5FA-C3B423B31BE7}.Debug|x86.Build.0 = Debug|Win32
		{C8F6C172-56F2-4E76-B5FA-C3B423B31BE7}.DLL-Import Debug|x64.ActiveCfg = Release|Win32
		{C8F6C172-56F2-4E76-B5FA-C3B423B31BE7}.DLL-Import Debug|x64.Build.0 = Release|Win32
		{C8F6C172-56F2-4E76-B5FA-C3B423B31BE7}.DLL-Import Debug|x86.ActiveCfg = Debug|Win32
		{C8F6C172-56F2-4E76-B5FA-C3B423B31BE7}.DLL-Import Debug|x86.Build.0 = Debug|Win32
		{C8F6C172-56F2-4E76-B5FA-C3B423B31BE7}.DLL-Import Release|x64.ActiveCfg = Release|Win32
		{C8F6C172-56F2-4E76-B5FA-C3B423B31BE7}.DLL-Import Release|x64.Build.0 = Release|Win32
		{C8F6C172-56F2-4E76-B5FA-C3B423B31BE7}.DLL-Import Release|x86.ActiveCfg = Release|Win32
		{C8F6C172-56F2-4E76-B5FA-C3B423B31BE7}.DLL-Import Release|x86.Build.0 = Release|Win32
		{C8F6C172-56F2-4E76-B5FA-C3B423B31BE7}.Release|x64.ActiveCfg = Release|Win32
		{C8F6C172-56F2-4E76-B5FA-C3B423B31BE7}.Release|x86.ActiveCfg = Release|Win32
		{C8F6C172-56F2-4E76-B5FA-C3B423B31BE7}.Release|x86.Build.0 = Release|Win32
		{4112F12B-786E-4510-A8C7-0BB7CFE3C0F4}.Debug|x64.ActiveCfg = Debug|x64
		{4112F12B-786E-4510-A8C7-0BB7CFE3C0F4}.Debug|x64.Build.0 = Debug|x64
		{4112F12B-786E-4510-A8C7-0BB7CFE3C0F4}.Debug|x86.ActiveCfg = Debug|Win32
		{4112F12B-786E-4510-A8C7-0BB7CFE3C0F4}.Debug|x86.Build.0 = Debug|Win32
		{4112F12B-786E-4510-A8C7-0BB7CFE3C0F4}.DLL-Import Debug|x64.ActiveCfg = Debug|x64
		{4112F12B-786E-4510-A8C7-0BB7CFE3C0F4}.DLL-Import Debug|x64.Build.0 = Debug|x64
		{4112F12B-786E-4510-A8C7-0BB7CFE3C0F4}.DLL-Import Debug|x86.ActiveCfg = Debug|Win32
		{4112F12B-786E-4510-A8C7-0BB7CFE3C0F4}.DLL-Import Debug|x86.Build.0 = Debug|Win32
		{4112F12B-786E-4510-A8C7-0BB7CFE3C0F4}.DLL-Import Release|x64.ActiveCfg = Release|x64
		{4112F12B-786E-4510-A8C7-0BB7CFE3C0F4}.DLL-Import Release|x64.Build.0 = Release|x64
		{4112F12B-786E-4510-A8C7-0BB7CFE3C0F4}.DLL-Import Release|x86.ActiveCfg = Release|Win32
		{4112F12B-786E-4510-A8C7-0BB7CFE3C0F4}.DLL-Import Release|x86.Build.0 = Release|Win32
		{4112F12B-786E-4510-A8C7-0BB7CFE3C0F4}.Release|x64.ActiveCfg = Release|x64
		{4112F12B-786E-4510-A8C7-0BB7CFE3C0F4}.Release|x64.Build.0 = Release|x64
		{4112F12B-786E-4510-A8C7-0BB7CFE3C0F4}.Release|x86.ActiveCfg = Release|Win32
		{4112F12B-786E-4510-A8C7-0BB7CFE3C0F4}.Release|x86.Build.0 = Release|Win32
	EndGlobalSection
	GlobalSection(SolutionProperties) = preSolution
		HideSolutionNode = FALSE
	EndGlobalSection
EndGlobal
