<?xml version="1.0" encoding="utf-8"?>
<Project ToolsVersion="4.0" xmlns="http://schemas.microsoft.com/developer/msbuild/2003">
  <ItemGroup>
    <Filter Include="bytes">
      <UniqueIdentifier>{f041dad3-8869-4740-8e19-dbc62985fe2a}</UniqueIdentifier>
    </Filter>
  </ItemGroup>
  <ItemGroup>
    <ClCompile Include="stdafx.cpp" />
    <ClCompile Include="bytes\ZipBytes.cpp">
      <Filter>bytes</Filter>
    </ClCompile>
    <ClCompile Include="Hashing.cpp" />
    <ClCompile Include="Helpers.cpp" />
  </ItemGroup>
  <ItemGroup>
    <ClInclude Include="stdafx.h" />
    <ClInclude Include="targetver.h" />
    <ClInclude Include="bytes\StrUtils.h">
      <Filter>bytes</Filter>
    </ClInclude>
    <ClInclude Include="bytes\ZipBytes.h">
      <Filter>bytes</Filter>
    </ClInclude>
    <ClInclude Include="Hashing.h" />
    <ClInclude Include="Helpers.h" />
  </ItemGroup>
</Project>